
Microsoft Visual Studio Solution File, Format Version 12.00
# Visual Studio Version 17
VisualStudioVersion = 17.4.33122.133
MinimumVisualStudioVersion = 10.0.40219.1
Project("{FAE04EC0-301F-11D3-BF4B-00C04F79EFBC}") = "GoruntuIsleme", "GoruntuIsleme\GoruntuIsleme.csproj", "{DD7C0057-7174-4472-BDDC-307B06389D0B}"
EndProject
Global
	GlobalSection(SolutionConfigurationPlatforms) = preSolution
		Debug|Any CPU = Debug|Any CPU
		Release|Any CPU = Release|Any CPU
	EndGlobalSection
	GlobalSection(ProjectConfigurationPlatforms) = postSolution
		{DD7C0057-7174-4472-BDDC-307B06389D0B}.Debug|Any CPU.ActiveCfg = Debug|Any CPU
		{DD7C0057-7174-4472-BDDC-307B06389D0B}.Debug|Any CPU.Build.0 = Debug|Any CPU
		{DD7C0057-7174-4472-BDDC-307B06389D0B}.Release|Any CPU.ActiveCfg = Release|Any CPU
		{DD7C0057-7174-4472-BDDC-307B06389D0B}.Release|Any CPU.Build.0 = Release|Any CPU
	EndGlobalSection
	GlobalSection(SolutionProperties) = preSolution
		HideSolutionNode = FALSE
	EndGlobalSection
	GlobalSection(ExtensibilityGlobals) = postSolution
		SolutionGuid = {AE2C1880-87D3-4A2E-8601-BA3DEF1313E8}
	EndGlobalSection
EndGlobal
